// !$*UTF8*$!
{
	archiveVersion = 1;
	classes = {
	};
	objectVersion = 46;
	objects = {

/* Begin PBXBuildFile section */
		6D3A14AF1B2CB095008212E7 /* RecordedAudio.swift in Sources */ = {isa = PBXBuildFile; fileRef = 6D3A14AE1B2CB095008212E7 /* RecordedAudio.swift */; };
		6D3A14B01B2CB095008212E7 /* RecordedAudio.swift in Sources */ = {isa = PBXBuildFile; fileRef = 6D3A14AE1B2CB095008212E7 /* RecordedAudio.swift */; };
		6DEB41E71B295CC000C2145F /* playSoundViewController.swift in Sources */ = {isa = PBXBuildFile; fileRef = 6DEB41E61B295CC000C2145F /* playSoundViewController.swift */; };
		6DEB41E91B29610700C2145F /* movie_quote.mp3 in Resources */ = {isa = PBXBuildFile; fileRef = 6DEB41E81B29610700C2145F /* movie_quote.mp3 */; };
		6DEB41EA1B29610700C2145F /* movie_quote.mp3 in Resources */ = {isa = PBXBuildFile; fileRef = 6DEB41E81B29610700C2145F /* movie_quote.mp3 */; };
		6DF2A68F1B28EC910005E4A9 /* AppDelegate.swift in Sources */ = {isa = PBXBuildFile; fileRef = 6DF2A68E1B28EC910005E4A9 /* AppDelegate.swift */; };
		6DF2A6911B28EC910005E4A9 /* recordSoundsViewController.swift in Sources */ = {isa = PBXBuildFile; fileRef = 6DF2A6901B28EC910005E4A9 /* recordSoundsViewController.swift */; };
		6DF2A6941B28EC910005E4A9 /* Main.storyboard in Resources */ = {isa = PBXBuildFile; fileRef = 6DF2A6921B28EC910005E4A9 /* Main.storyboard */; };
		6DF2A6961B28EC910005E4A9 /* Images.xcassets in Resources */ = {isa = PBXBuildFile; fileRef = 6DF2A6951B28EC910005E4A9 /* Images.xcassets */; };
		6DF2A6991B28EC910005E4A9 /* LaunchScreen.xib in Resources */ = {isa = PBXBuildFile; fileRef = 6DF2A6971B28EC910005E4A9 /* LaunchScreen.xib */; };
		6DF2A6A51B28EC910005E4A9 /* Pitch_PefectTests.swift in Sources */ = {isa = PBXBuildFile; fileRef = 6DF2A6A41B28EC910005E4A9 /* Pitch_PefectTests.swift */; };
/* End PBXBuildFile section */

/* Begin PBXContainerItemProxy section */
		6DF2A69F1B28EC910005E4A9 /* PBXContainerItemProxy */ = {
			isa = PBXContainerItemProxy;
			containerPortal = 6DF2A6811B28EC910005E4A9 /* Project object */;
			proxyType = 1;
			remoteGlobalIDString = 6DF2A6881B28EC910005E4A9;
			remoteInfo = "Pitch Pefect";
		};
/* End PBXContainerItemProxy section */

/* Begin PBXFileReference section */
		6D3A14AE1B2CB095008212E7 /* RecordedAudio.swift */ = {isa = PBXFileReference; fileEncoding = 4; lastKnownFileType = sourcecode.swift; name = RecordedAudio.swift; path = ../RecordedAudio.swift; sourceTree = "<group>"; };
		6DEB41E61B295CC000C2145F /* playSoundViewController.swift */ = {isa = PBXFileReference; fileEncoding = 4; lastKnownFileType = sourcecode.swift; path = playSoundViewController.swift; sourceTree = "<group>"; };
		6DEB41E81B29610700C2145F /* movie_quote.mp3 */ = {isa = PBXFileReference; lastKnownFileType = audio.mp3; path = movie_quote.mp3; sourceTree = "<group>"; };
		6DF2A6891B28EC910005E4A9 /* Pitch Pefect.app */ = {isa = PBXFileReference; explicitFileType = wrapper.application; includeInIndex = 0; path = "Pitch Pefect.app"; sourceTree = BUILT_PRODUCTS_DIR; };
		6DF2A68D1B28EC910005E4A9 /* Info.plist */ = {isa = PBXFileReference; lastKnownFileType = text.plist.xml; path = Info.plist; sourceTree = "<group>"; };
		6DF2A68E1B28EC910005E4A9 /* AppDelegate.swift */ = {isa = PBXFileReference; lastKnownFileType = sourcecode.swift; path = AppDelegate.swift; sourceTree = "<group>"; };
		6DF2A6901B28EC910005E4A9 /* recordSoundsViewController.swift */ = {isa = PBXFileReference; lastKnownFileType = sourcecode.swift; path = recordSoundsViewController.swift; sourceTree = "<group>"; };
		6DF2A6931B28EC910005E4A9 /* Base */ = {isa = PBXFileReference; lastKnownFileType = file.storyboard; name = Base; path = Base.lproj/Main.storyboard; sourceTree = "<group>"; };
		6DF2A6951B28EC910005E4A9 /* Images.xcassets */ = {isa = PBXFileReference; lastKnownFileType = folder.assetcatalog; path = Images.xcassets; sourceTree = "<group>"; };
		6DF2A6981B28EC910005E4A9 /* Base */ = {isa = PBXFileReference; lastKnownFileType = file.xib; name = Base; path = Base.lproj/LaunchScreen.xib; sourceTree = "<group>"; };
		6DF2A69E1B28EC910005E4A9 /* Pitch PefectTests.xctest */ = {isa = PBXFileReference; explicitFileType = wrapper.cfbundle; includeInIndex = 0; path = "Pitch PefectTests.xctest"; sourceTree = BUILT_PRODUCTS_DIR; };
		6DF2A6A31B28EC910005E4A9 /* Info.plist */ = {isa = PBXFileReference; lastKnownFileType = text.plist.xml; path = Info.plist; sourceTree = "<group>"; };
		6DF2A6A41B28EC910005E4A9 /* Pitch_PefectTests.swift */ = {isa = PBXFileReference; lastKnownFileType = sourcecode.swift; path = Pitch_PefectTests.swift; sourceTree = "<group>"; };
/* End PBXFileReference section */

/* Begin PBXFrameworksBuildPhase section */
		6DF2A6861B28EC910005E4A9 /* Frameworks */ = {
			isa = PBXFrameworksBuildPhase;
			buildActionMask = 2147483647;
			files = (
			);
			runOnlyForDeploymentPostprocessing = 0;
		};
		6DF2A69B1B28EC910005E4A9 /* Frameworks */ = {
			isa = PBXFrameworksBuildPhase;
			buildActionMask = 2147483647;
			files = (
			);
			runOnlyForDeploymentPostprocessing = 0;
		};
/* End PBXFrameworksBuildPhase section */

/* Begin PBXGroup section */
		6DF2A6801B28EC910005E4A9 = {
			isa = PBXGroup;
			children = (
				6DF2A68B1B28EC910005E4A9 /* Pitch Pefect */,
				6DF2A6A11B28EC910005E4A9 /* Pitch PefectTests */,
				6DF2A68A1B28EC910005E4A9 /* Products */,
			);
			sourceTree = "<group>";
		};
		6DF2A68A1B28EC910005E4A9 /* Products */ = {
			isa = PBXGroup;
			children = (
				6DF2A6891B28EC910005E4A9 /* Pitch Pefect.app */,
				6DF2A69E1B28EC910005E4A9 /* Pitch PefectTests.xctest */,
			);
			name = Products;
			sourceTree = "<group>";
		};
		6DF2A68B1B28EC910005E4A9 /* Pitch Pefect */ = {
			isa = PBXGroup;
			children = (
				6DF2A68E1B28EC910005E4A9 /* AppDelegate.swift */,
				6D3A14AE1B2CB095008212E7 /* RecordedAudio.swift */,
				6DF2A6901B28EC910005E4A9 /* recordSoundsViewController.swift */,
				6DEB41E61B295CC000C2145F /* playSoundViewController.swift */,
				6DF2A6921B28EC910005E4A9 /* Main.storyboard */,
				6DF2A6951B28EC910005E4A9 /* Images.xcassets */,
				6DF2A6971B28EC910005E4A9 /* LaunchScreen.xib */,
				6DF2A68C1B28EC910005E4A9 /* Supporting Files */,
			);
			path = "Pitch Pefect";
			sourceTree = "<group>";
		};
		6DF2A68C1B28EC910005E4A9 /* Supporting Files */ = {
			isa = PBXGroup;
			children = (
				6DEB41E81B29610700C2145F /* movie_quote.mp3 */,
				6DF2A68D1B28EC910005E4A9 /* Info.plist */,
			);
			name = "Supporting Files";
			sourceTree = "<group>";
		};
		6DF2A6A11B28EC910005E4A9 /* Pitch PefectTests */ = {
			isa = PBXGroup;
			children = (
				6DF2A6A41B28EC910005E4A9 /* Pitch_PefectTests.swift */,
				6DF2A6A21B28EC910005E4A9 /* Supporting Files */,
			);
			path = "Pitch PefectTests";
			sourceTree = "<group>";
		};
		6DF2A6A21B28EC910005E4A9 /* Supporting Files */ = {
			isa = PBXGroup;
			children = (
				6DF2A6A31B28EC910005E4A9 /* Info.plist */,
			);
			name = "Supporting Files";
			sourceTree = "<group>";
		};
/* End PBXGroup section */

/* Begin PBXNativeTarget section */
		6DF2A6881B28EC910005E4A9 /* Pitch Pefect */ = {
			isa = PBXNativeTarget;
			buildConfigurationList = 6DF2A6A81B28EC910005E4A9 /* Build configuration list for PBXNativeTarget "Pitch Pefect" */;
			buildPhases = (
				6DF2A6851B28EC910005E4A9 /* Sources */,
				6DF2A6861B28EC910005E4A9 /* Frameworks */,
				6DF2A6871B28EC910005E4A9 /* Resources */,
			);
			buildRules = (
			);
			dependencies = (
			);
			name = "Pitch Pefect";
			productName = "Pitch Pefect";
			productReference = 6DF2A6891B28EC910005E4A9 /* Pitch Pefect.app */;
			productType = "com.apple.product-type.application";
		};
		6DF2A69D1B28EC910005E4A9 /* Pitch PefectTests */ = {
			isa = PBXNativeTarget;
			buildConfigurationList = 6DF2A6AB1B28EC910005E4A9 /* Build configuration list for PBXNativeTarget "Pitch PefectTests" */;
			buildPhases = (
				6DF2A69A1B28EC910005E4A9 /* Sources */,
				6DF2A69B1B28EC910005E4A9 /* Frameworks */,
				6DF2A69C1B28EC910005E4A9 /* Resources */,
			);
			buildRules = (
			);
			dependencies = (
				6DF2A6A01B28EC910005E4A9 /* PBXTargetDependency */,
			);
			name = "Pitch PefectTests";
			productName = "Pitch PefectTests";
			productReference = 6DF2A69E1B28EC910005E4A9 /* Pitch PefectTests.xctest */;
			productType = "com.apple.product-type.bundle.unit-test";
		};
/* End PBXNativeTarget section */

/* Begin PBXProject section */
		6DF2A6811B28EC910005E4A9 /* Project object */ = {
			isa = PBXProject;
			attributes = {
				LastUpgradeCheck = 0630;
				ORGANIZATIONNAME = AppDeco;
				TargetAttributes = {
					6DF2A6881B28EC910005E4A9 = {
						CreatedOnToolsVersion = 6.3.2;
					};
					6DF2A69D1B28EC910005E4A9 = {
						CreatedOnToolsVersion = 6.3.2;
						TestTargetID = 6DF2A6881B28EC910005E4A9;
					};
				};
			};
			buildConfigurationList = 6DF2A6841B28EC910005E4A9 /* Build configuration list for PBXProject "Pitch Pefect" */;
			compatibilityVersion = "Xcode 3.2";
			developmentRegion = English;
			hasScannedForEncodings = 0;
			knownRegions = (
				en,
				Base,
			);
			mainGroup = 6DF2A6801B28EC910005E4A9;
			productRefGroup = 6DF2A68A1B28EC910005E4A9 /* Products */;
			projectDirPath = "";
			projectRoot = "";
			targets = (
				6DF2A6881B28EC910005E4A9 /* Pitch Pefect */,
				6DF2A69D1B28EC910005E4A9 /* Pitch PefectTests */,
			);
		};
/* End PBXProject section */

/* Begin PBXResourcesBuildPhase section */
		6DF2A6871B28EC910005E4A9 /* Resources */ = {
			isa = PBXResourcesBuildPhase;
			buildActionMask = 2147483647;
			files = (
				6DF2A6941B28EC910005E4A9 /* Main.storyboard in Resources */,
				6DF2A6991B28EC910005E4A9 /* LaunchScreen.xib in Resources */,
				6DEB41E91B29610700C2145F /* movie_quote.mp3 in Resources */,
				6DF2A6961B28EC910005E4A9 /* Images.xcassets in Resources */,
			);
			runOnlyForDeploymentPostprocessing = 0;
		};
		6DF2A69C1B28EC910005E4A9 /* Resources */ = {
			isa = PBXResourcesBuildPhase;
			buildActionMask = 2147483647;
			files = (
				6DEB41EA1B29610700C2145F /* movie_quote.mp3 in Resources */,
			);
			runOnlyForDeploymentPostprocessing = 0;
		};
/* End PBXResourcesBuildPhase section */

/* Begin PBXSourcesBuildPhase section */
		6DF2A6851B28EC910005E4A9 /* Sources */ = {
			isa = PBXSourcesBuildPhase;
			buildActionMask = 2147483647;
			files = (
				6D3A14AF1B2CB095008212E7 /* RecordedAudio.swift in Sources */,
				6DF2A6911B28EC910005E4A9 /* recordSoundsViewController.swift in Sources */,
				6DEB41E71B295CC000C2145F /* playSoundViewController.swift in Sources */,
				6DF2A68F1B28EC910005E4A9 /* AppDelegate.swift in Sources */,
			);
			runOnlyForDeploymentPostprocessing = 0;
		};
		6DF2A69A1B28EC910005E4A9 /* Sources */ = {
			isa = PBXSourcesBuildPhase;
			buildActionMask = 2147483647;
			files = (
				6D3A14B01B2CB095008212E7 /* RecordedAudio.swift in Sources */,
				6DF2A6A51B28EC910005E4A9 /* Pitch_PefectTests.swift in Sources */,
			);
			runOnlyForDeploymentPostprocessing = 0;
		};
/* End PBXSourcesBuildPhase section */

/* Begin PBXTargetDependency section */
		6DF2A6A01B28EC910005E4A9 /* PBXTargetDependency */ = {
			isa = PBXTargetDependency;
			target = 6DF2A6881B28EC910005E4A9 /* Pitch Pefect */;
			targetProxy = 6DF2A69F1B28EC910005E4A9 /* PBXContainerItemProxy */;
		};
/* End PBXTargetDependency section */

/* Begin PBXVariantGroup section */
		6DF2A6921B28EC910005E4A9 /* Main.storyboard */ = {
			isa = PBXVariantGroup;
			children = (
				6DF2A6931B28EC910005E4A9 /* Base */,
			);
			name = Main.storyboard;
			sourceTree = "<group>";
		};
		6DF2A6971B28EC910005E4A9 /* LaunchScreen.xib */ = {
			isa = PBXVariantGroup;
			children = (
				6DF2A6981B28EC910005E4A9 /* Base */,
			);
			name = LaunchScreen.xib;
			sourceTree = "<group>";
		};
/* End PBXVariantGroup section */

/* Begin XCBuildConfiguration section */
		6DF2A6A61B28EC910005E4A9 /* Debug */ = {
			isa = XCBuildConfiguration;
			buildSettings = {
				ALWAYS_SEARCH_USER_PATHS = NO;
				CLANG_CXX_LANGUAGE_STANDARD = "gnu++0x";
				CLANG_CXX_LIBRARY = "libc++";
				CLANG_ENABLE_MODULES = YES;
				CLANG_ENABLE_OBJC_ARC = YES;
				CLANG_WARN_BOOL_CONVERSION = YES;
				CLANG_WARN_CONSTANT_CONVERSION = YES;
				CLANG_WARN_DIRECT_OBJC_ISA_USAGE = YES_ERROR;
				CLANG_WARN_EMPTY_BODY = YES;
				CLANG_WARN_ENUM_CONVERSION = YES;
				CLANG_WARN_INT_CONVERSION = YES;
				CLANG_WARN_OBJC_ROOT_CLASS = YES_ERROR;
				CLANG_WARN_UNREACHABLE_CODE = YES;
				CLANG_WARN__DUPLICATE_METHOD_MATCH = YES;
				"CODE_SIGN_IDENTITY[sdk=iphoneos*]" = "iPhone Developer";
				COPY_PHASE_STRIP = NO;
				DEBUG_INFORMATION_FORMAT = "dwarf-with-dsym";
				ENABLE_STRICT_OBJC_MSGSEND = YES;
				GCC_C_LANGUAGE_STANDARD = gnu99;
				GCC_DYNAMIC_NO_PIC = NO;
				GCC_NO_COMMON_BLOCKS = YES;
				GCC_OPTIMIZATION_LEVEL = 0;
				GCC_PREPROCESSOR_DEFINITIONS = (
					"DEBUG=1",
					"$(inherited)",
				);
				GCC_SYMBOLS_PRIVATE_EXTERN = NO;
				GCC_WARN_64_TO_32_BIT_CONVERSION = YES;
				GCC_WARN_ABOUT_RETURN_TYPE = YES_ERROR;
				GCC_WARN_UNDECLARED_SELECTOR = YES;
				GCC_WARN_UNINITIALIZED_AUTOS = YES_AGGRESSIVE;
				GCC_WARN_UNUSED_FUNCTION = YES;
				GCC_WARN_UNUSED_VARIABLE = YES;
				IPHONEOS_DEPLOYMENT_TARGET = 8.3;
				MTL_ENABLE_DEBUG_INFO = YES;
				ONLY_ACTIVE_ARCH = YES;
				SDKROOT = iphoneos;
				SWIFT_OPTIMIZATION_LEVEL = "-Onone";
			};
			name = Debug;
		};
		6DF2A6A71B28EC910005E4A9 /* Release */ = {
			isa = XCBuildConfiguration;
			buildSettings = {
				ALWAYS_SEARCH_USER_PATHS = NO;
				CLANG_CXX_LANGUAGE_STANDARD = "gnu++0x";
				CLANG_CXX_LIBRARY = "libc++";
				CLANG_ENABLE_MODULES = YES;
				CLANG_ENABLE_OBJC_ARC = YES;
				CLANG_WARN_BOOL_CONVERSION = YES;
				CLANG_WARN_CONSTANT_CONVERSION = YES;
				CLANG_WARN_DIRECT_OBJC_ISA_USAGE = YES_ERROR;
				CLANG_WARN_EMPTY_BODY = YES;
				CLANG_WARN_ENUM_CONVERSION = YES;
				CLANG_WARN_INT_CONVERSION = YES;
				CLANG_WARN_OBJC_ROOT_CLASS = YES_ERROR;
				CLANG_WARN_UNREACHABLE_CODE = YES;
				CLANG_WARN__DUPLICATE_METHOD_MATCH = YES;
				"CODE_SIGN_IDENTITY[sdk=iphoneos*]" = "iPhone Developer";
				COPY_PHASE_STRIP = NO;
				DEBUG_INFORMATION_FORMAT = "dwarf-with-dsym";
				ENABLE_NS_ASSERTIONS = NO;
				ENABLE_STRICT_OBJC_MSGSEND = YES;
				GCC_C_LANGUAGE_STANDARD = gnu99;
				GCC_NO_COMMON_BLOCKS = YES;
				GCC_WARN_64_TO_32_BIT_CONVERSION = YES;
				GCC_WARN_ABOUT_RETURN_TYPE = YES_ERROR;
				GCC_WARN_UNDECLARED_SELECTOR = YES;
				GCC_WARN_UNINITIALIZED_AUTOS = YES_AGGRESSIVE;
				GCC_WARN_UNUSED_FUNCTION = YES;
				GCC_WARN_UNUSED_VARIABLE = YES;
				IPHONEOS_DEPLOYMENT_TARGET = 8.3;
				MTL_ENABLE_DEBUG_INFO = NO;
				SDKROOT = iphoneos;
				VALIDATE_PRODUCT = YES;
			};
			name = Release;
		};
		6DF2A6A91B28EC910005E4A9 /* Debug */ = {
			isa = XCBuildConfiguration;
			buildSettings = {
				ASSETCATALOG_COMPILER_APPICON_NAME = AppIcon;
				INFOPLIST_FILE = "Pitch Pefect/Info.plist";
				IPHONEOS_DEPLOYMENT_TARGET = 8.0;
				LD_RUNPATH_SEARCH_PATHS = "$(inherited) @executable_path/Frameworks";
				PRODUCT_NAME = "$(TARGET_NAME)";
			};
			name = Debug;
		};
		6DF2A6AA1B28EC910005E4A9 /* Release */ = {
			isa = XCBuildConfiguration;
			buildSettings = {
				ASSETCATALOG_COMPILER_APPICON_NAME = AppIcon;
				INFOPLIST_FILE = "Pitch Pefect/Info.plist";
				IPHONEOS_DEPLOYMENT_TARGET = 8.0;
				LD_RUNPATH_SEARCH_PATHS = "$(inherited) @executable_path/Frameworks";
				PRODUCT_NAME = "$(TARGET_NAME)";
			};
			name = Release;
		};
		6DF2A6AC1B28EC910005E4A9 /* Debug */ = {
			isa = XCBuildConfiguration;
			buildSettings = {
				BUNDLE_LOADER = "$(TEST_HOST)";
				FRAMEWORK_SEARCH_PATHS = (
					"$(SDKROOT)/Developer/Library/Frameworks",
					"$(inherited)",
				);
				GCC_PREPROCESSOR_DEFINITIONS = (
					"DEBUG=1",
					"$(inherited)",
				);
				INFOPLIST_FILE = "Pitch PefectTests/Info.plist";
				LD_RUNPATH_SEARCH_PATHS = "$(inherited) @executable_path/Frameworks @loader_path/Frameworks";
				PRODUCT_NAME = "$(TARGET_NAME)";
				TEST_HOST = "$(BUILT_PRODUCTS_DIR)/Pitch Pefect.app/Pitch Pefect";
			};
			name = Debug;
		};
		6DF2A6AD1B28EC910005E4A9 /* Release */ = {
			isa = XCBuildConfiguration;
			buildSettings = {
				BUNDLE_LOADER = "$(TEST_HOST)";
				FRAMEWORK_SEARCH_PATHS = (
					"$(SDKROOT)/Developer/Library/Frameworks",
					"$(inherited)",
				);
				INFOPLIST_FILE = "Pitch PefectTests/Info.plist";
				LD_RUNPATH_SEARCH_PATHS = "$(inherited) @executable_path/Frameworks @loader_path/Frameworks";
				PRODUCT_NAME = "$(TARGET_NAME)";
				TEST_HOST = "$(BUILT_PRODUCTS_DIR)/Pitch Pefect.app/Pitch Pefect";
			};
			name = Release;
		};
/* End XCBuildConfiguration section */

/* Begin XCConfigurationList section */
		6DF2A6841B28EC910005E4A9 /* Build configuration list for PBXProject "Pitch Pefect" */ = {
			isa = XCConfigurationList;
			buildConfigurations = (
				6DF2A6A61B28EC910005E4A9 /* Debug */,
				6DF2A6A71B28EC910005E4A9 /* Release */,
			);
			defaultConfigurationIsVisible = 0;
			defaultConfigurationName = Release;
		};
		6DF2A6A81B28EC910005E4A9 /* Build configuration list for PBXNativeTarget "Pitch Pefect" */ = {
			isa = XCConfigurationList;
			buildConfigurations = (
				6DF2A6A91B28EC910005E4A9 /* Debug */,
				6DF2A6AA1B28EC910005E4A9 /* Release */,
			);
			defaultConfigurationIsVisible = 0;
			defaultConfigurationName = Release;
		};
		6DF2A6AB1B28EC910005E4A9 /* Build configuration list for PBXNativeTarget "Pitch PefectTests" */ = {
			isa = XCConfigurationList;
			buildConfigurations = (
				6DF2A6AC1B28EC910005E4A9 /* Debug */,
				6DF2A6AD1B28EC910005E4A9 /* Release */,
			);
			defaultConfigurationIsVisible = 0;
			defaultConfigurationName = Release;
		};
/* End XCConfigurationList section */
	};
	rootObject = 6DF2A6811B28EC910005E4A9 /* Project object */;
}
